
Microsoft Visual Studio Solution File, Format Version 12.00
# Visual Studio Version 17
VisualStudioVersion = 17.4.33213.308
MinimumVisualStudioVersion = 10.0.40219.1
Project("{FAE04EC0-301F-11D3-BF4B-00C04F79EFBC}") = "Data_Passing", "Data_Passing\Data_Passing.csproj", "{89562FC2-18D6-4156-BEA5-8D32ED33A80C}"
EndProject
Global
	GlobalSection(SolutionConfigurationPlatforms) = preSolution
		Debug|Any CPU = Debug|Any CPU
		Release|Any CPU = Release|Any CPU
	EndGlobalSection
	GlobalSection(ProjectConfigurationPlatforms) = postSolution
		{89562FC2-18D6-4156-BEA5-8D32ED33A80C}.Debug|Any CPU.ActiveCfg = Debug|Any CPU
		{89562FC2-18D6-4156-BEA5-8D32ED33A80C}.Debug|Any CPU.Build.0 = Debug|Any CPU
		{89562FC2-18D6-4156-BEA5-8D32ED33A80C}.Release|Any CPU.ActiveCfg = Release|Any CPU
		{89562FC2-18D6-4156-BEA5-8D32ED33A80C}.Release|Any CPU.Build.0 = Release|Any CPU
	EndGlobalSection
	GlobalSection(SolutionProperties) = preSolution
		HideSolutionNode = FALSE
	EndGlobalSection
	GlobalSection(ExtensibilityGlobals) = postSolution
		SolutionGuid = {394F7AD7-D1F8-4A57-948A-4C115FDDF039}
	EndGlobalSection
EndGlobal
